<?xml version="1.0" encoding="utf-8"?>
<Project ToolsVersion="16.0" xmlns="http://schemas.microsoft.com/developer/msbuild/2003">
  <ItemGroup>
    <ClCompile Include="C:\Users\K020G1414\effekseerNew\Effekseer\Dev\Cpp\EffekseerRendererCommon\EffekseerRenderer.CommonUtils.cpp">
      <Filter>EffekseerRendererCommon</Filter>
    </ClCompile>
    <ClCompile Include="C:\Users\K020G1414\effekseerNew\Effekseer\Dev\Cpp\EffekseerRendererCommon\EffekseerRenderer.DDSTextureLoader.cpp">
      <Filter>EffekseerRendererCommon</Filter>
    </ClCompile>
    <ClCompile Include="C:\Users\K020G1414\effekseerNew\Effekseer\Dev\Cpp\EffekseerRendererCommon\EffekseerRenderer.IndexBufferBase.cpp">
      <Filter>EffekseerRendererCommon</Filter>
    </ClCompile>
    <ClCompile Include="C:\Users\K020G1414\effekseerNew\Effekseer\Dev\Cpp\EffekseerRendererCommon\EffekseerRenderer.ModelRendererBase.cpp">
      <Filter>EffekseerRendererCommon</Filter>
    </ClCompile>
    <ClCompile Include="C:\Users\K020G1414\effekseerNew\Effekseer\Dev\Cpp\EffekseerRendererCommon\EffekseerRenderer.PngTextureLoader.cpp">
      <Filter>EffekseerRendererCommon</Filter>
    </ClCompile>
    <ClCompile Include="C:\Users\K020G1414\effekseerNew\Effekseer\Dev\Cpp\EffekseerRendererCommon\EffekseerRenderer.RenderStateBase.cpp">
      <Filter>EffekseerRendererCommon</Filter>
    </ClCompile>
    <ClCompile Include="C:\Users\K020G1414\effekseerNew\Effekseer\Dev\Cpp\EffekseerRendererCommon\EffekseerRenderer.Renderer.cpp">
      <Filter>EffekseerRendererCommon</Filter>
    </ClCompile>
    <ClCompile Include="C:\Users\K020G1414\effekseerNew\Effekseer\Dev\Cpp\EffekseerRendererCommon\EffekseerRenderer.Renderer_Impl.cpp">
      <Filter>EffekseerRendererCommon</Filter>
    </ClCompile>
    <ClCompile Include="C:\Users\K020G1414\effekseerNew\Effekseer\Dev\Cpp\EffekseerRendererCommon\EffekseerRenderer.RibbonRendererBase.cpp">
      <Filter>EffekseerRendererCommon</Filter>
    </ClCompile>
    <ClCompile Include="C:\Users\K020G1414\effekseerNew\Effekseer\Dev\Cpp\EffekseerRendererCommon\EffekseerRenderer.RingRendererBase.cpp">
      <Filter>EffekseerRendererCommon</Filter>
    </ClCompile>
    <ClCompile Include="C:\Users\K020G1414\effekseerNew\Effekseer\Dev\Cpp\EffekseerRendererCommon\EffekseerRenderer.SpriteRendererBase.cpp">
      <Filter>EffekseerRendererCommon</Filter>
    </ClCompile>
    <ClCompile Include="C:\Users\K020G1414\effekseerNew\Effekseer\Dev\Cpp\EffekseerRendererCommon\EffekseerRenderer.TGATextureLoader.cpp">
      <Filter>EffekseerRendererCommon</Filter>
    </ClCompile>
    <ClCompile Include="C:\Users\K020G1414\effekseerNew\Effekseer\Dev\Cpp\EffekseerRendererCommon\EffekseerRenderer.TrackRendererBase.cpp">
      <Filter>EffekseerRendererCommon</Filter>
    </ClCompile>
    <ClCompile Include="C:\Users\K020G1414\effekseerNew\Effekseer\Dev\Cpp\EffekseerRendererCommon\EffekseerRenderer.VertexBufferBase.cpp">
      <Filter>EffekseerRendererCommon</Filter>
    </ClCompile>
    <ClCompile Include="C:\Users\K020G1414\effekseerNew\Effekseer\Dev\Cpp\EffekseerRendererCommon\ModelLoader.cpp">
      <Filter>EffekseerRendererCommon</Filter>
    </ClCompile>
    <ClCompile Include="C:\Users\K020G1414\effekseerNew\Effekseer\Dev\Cpp\EffekseerRendererCommon\TextureLoader.cpp">
      <Filter>EffekseerRendererCommon</Filter>
    </ClCompile>
    <ClCompile Include="C:\Users\K020G1414\effekseerNew\Effekseer\Dev\Cpp\EffekseerRendererDX9\EffekseerRenderer\EffekseerRendererDX9.DeviceObject.cpp">
      <Filter>EffekseerRenderer</Filter>
    </ClCompile>
    <ClCompile Include="C:\Users\K020G1414\effekseerNew\Effekseer\Dev\Cpp\EffekseerRendererDX9\EffekseerRenderer\EffekseerRendererDX9.IndexBuffer.cpp">
      <Filter>EffekseerRenderer</Filter>
    </ClCompile>
    <ClCompile Include="C:\Users\K020G1414\effekseerNew\Effekseer\Dev\Cpp\EffekseerRendererDX9\EffekseerRenderer\EffekseerRendererDX9.MaterialLoader.cpp">
      <Filter>EffekseerRenderer</Filter>
    </ClCompile>
    <ClCompile Include="C:\Users\K020G1414\effekseerNew\Effekseer\Dev\Cpp\EffekseerRendererDX9\EffekseerRenderer\EffekseerRendererDX9.ModelRenderer.cpp">
      <Filter>EffekseerRenderer</Filter>
    </ClCompile>
    <ClCompile Include="C:\Users\K020G1414\effekseerNew\Effekseer\Dev\Cpp\EffekseerRendererDX9\EffekseerRenderer\EffekseerRendererDX9.RenderState.cpp">
      <Filter>EffekseerRenderer</Filter>
    </ClCompile>
    <ClCompile Include="C:\Users\K020G1414\effekseerNew\Effekseer\Dev\Cpp\EffekseerRendererDX9\EffekseerRenderer\EffekseerRendererDX9.Renderer.cpp">
      <Filter>EffekseerRenderer</Filter>
    </ClCompile>
    <ClCompile Include="C:\Users\K020G1414\effekseerNew\Effekseer\Dev\Cpp\EffekseerRendererDX9\EffekseerRenderer\EffekseerRendererDX9.Shader.cpp">
      <Filter>EffekseerRenderer</Filter>
    </ClCompile>
    <ClCompile Include="C:\Users\K020G1414\effekseerNew\Effekseer\Dev\Cpp\EffekseerRendererDX9\EffekseerRenderer\EffekseerRendererDX9.VertexBuffer.cpp">
      <Filter>EffekseerRenderer</Filter>
    </ClCompile>
    <ClCompile Include="C:\Users\K020G1414\effekseerNew\Effekseer\Dev\Cpp\EffekseerRendererDX9\EffekseerRenderer\GraphicsDevice.cpp">
      <Filter>EffekseerRenderer</Filter>
    </ClCompile>
    <ClCompile Include="C:\Users\K020G1414\effekseerNew\Effekseer\Dev\Cpp\EffekseerMaterialCompiler\DirectX9\EffekseerMaterialCompilerDX9.cpp">
      <Filter>..\EffekseerMaterialCompiler\DirectX9</Filter>
    </ClCompile>
  </ItemGroup>
  <ItemGroup>
    <ClInclude Include="C:\Users\K020G1414\effekseerNew\Effekseer\Dev\Cpp\EffekseerRendererCommon\EffekseerRenderer.CommonUtils.h">
      <Filter>EffekseerRendererCommon</Filter>
    </ClInclude>
    <ClInclude Include="C:\Users\K020G1414\effekseerNew\Effekseer\Dev\Cpp\EffekseerRendererCommon\EffekseerRenderer.DDSTextureLoader.h">
      <Filter>EffekseerRendererCommon</Filter>
    </ClInclude>
    <ClInclude Include="C:\Users\K020G1414\effekseerNew\Effekseer\Dev\Cpp\EffekseerRendererCommon\EffekseerRenderer.IndexBufferBase.h">
      <Filter>EffekseerRendererCommon</Filter>
    </ClInclude>
    <ClInclude Include="C:\Users\K020G1414\effekseerNew\Effekseer\Dev\Cpp\EffekseerRendererCommon\EffekseerRenderer.ModelRendererBase.h">
      <Filter>EffekseerRendererCommon</Filter>
    </ClInclude>
    <ClInclude Include="C:\Users\K020G1414\effekseerNew\Effekseer\Dev\Cpp\EffekseerRendererCommon\EffekseerRenderer.PngTextureLoader.h">
      <Filter>EffekseerRendererCommon</Filter>
    </ClInclude>
    <ClInclude Include="C:\Users\K020G1414\effekseerNew\Effekseer\Dev\Cpp\EffekseerRendererCommon\EffekseerRenderer.RenderStateBase.h">
      <Filter>EffekseerRendererCommon</Filter>
    </ClInclude>
    <ClInclude Include="C:\Users\K020G1414\effekseerNew\Effekseer\Dev\Cpp\EffekseerRendererCommon\EffekseerRenderer.Renderer.h">
      <Filter>EffekseerRendererCommon</Filter>
    </ClInclude>
    <ClInclude Include="C:\Users\K020G1414\effekseerNew\Effekseer\Dev\Cpp\EffekseerRendererCommon\EffekseerRenderer.Renderer_Impl.h">
      <Filter>EffekseerRendererCommon</Filter>
    </ClInclude>
    <ClInclude Include="C:\Users\K020G1414\effekseerNew\Effekseer\Dev\Cpp\EffekseerRendererCommon\EffekseerRenderer.RibbonRendererBase.h">
      <Filter>EffekseerRendererCommon</Filter>
    </ClInclude>
    <ClInclude Include="C:\Users\K020G1414\effekseerNew\Effekseer\Dev\Cpp\EffekseerRendererCommon\EffekseerRenderer.RingRendererBase.h">
      <Filter>EffekseerRendererCommon</Filter>
    </ClInclude>
    <ClInclude Include="C:\Users\K020G1414\effekseerNew\Effekseer\Dev\Cpp\EffekseerRendererCommon\EffekseerRenderer.ShaderBase.h">
      <Filter>EffekseerRendererCommon</Filter>
    </ClInclude>
    <ClInclude Include="C:\Users\K020G1414\effekseerNew\Effekseer\Dev\Cpp\EffekseerRendererCommon\EffekseerRenderer.SpriteRendererBase.h">
      <Filter>EffekseerRendererCommon</Filter>
    </ClInclude>
    <ClInclude Include="C:\Users\K020G1414\effekseerNew\Effekseer\Dev\Cpp\EffekseerRendererCommon\EffekseerRenderer.StandardRenderer.h">
      <Filter>EffekseerRendererCommon</Filter>
    </ClInclude>
    <ClInclude Include="C:\Users\K020G1414\effekseerNew\Effekseer\Dev\Cpp\EffekseerRendererCommon\EffekseerRenderer.TGATextureLoader.h">
      <Filter>EffekseerRendererCommon</Filter>
    </ClInclude>
    <ClInclude Include="C:\Users\K020G1414\effekseerNew\Effekseer\Dev\Cpp\EffekseerRendererCommon\EffekseerRenderer.TrackRendererBase.h">
      <Filter>EffekseerRendererCommon</Filter>
    </ClInclude>
    <ClInclude Include="C:\Users\K020G1414\effekseerNew\Effekseer\Dev\Cpp\EffekseerRendererCommon\EffekseerRenderer.VertexBufferBase.h">
      <Filter>EffekseerRendererCommon</Filter>
    </ClInclude>
    <ClInclude Include="C:\Users\K020G1414\effekseerNew\Effekseer\Dev\Cpp\EffekseerRendererCommon\ModelLoader.h">
      <Filter>EffekseerRendererCommon</Filter>
    </ClInclude>
    <ClInclude Include="C:\Users\K020G1414\effekseerNew\Effekseer\Dev\Cpp\EffekseerRendererCommon\TextureLoader.h">
      <Filter>EffekseerRendererCommon</Filter>
    </ClInclude>
    <ClInclude Include="C:\Users\K020G1414\effekseerNew\Effekseer\Dev\Cpp\EffekseerRendererDX9\EffekseerRenderer\EffekseerRendererDX9.Base.Pre.h">
      <Filter>EffekseerRenderer</Filter>
    </ClInclude>
    <ClInclude Include="C:\Users\K020G1414\effekseerNew\Effekseer\Dev\Cpp\EffekseerRendererDX9\EffekseerRenderer\EffekseerRendererDX9.Base.h">
      <Filter>EffekseerRenderer</Filter>
    </ClInclude>
    <ClInclude Include="C:\Users\K020G1414\effekseerNew\Effekseer\Dev\Cpp\EffekseerRendererDX9\EffekseerRenderer\EffekseerRendererDX9.DeviceObject.h">
      <Filter>EffekseerRenderer</Filter>
    </ClInclude>
    <ClInclude Include="C:\Users\K020G1414\effekseerNew\Effekseer\Dev\Cpp\EffekseerRendererDX9\EffekseerRenderer\EffekseerRendererDX9.IndexBuffer.h">
      <Filter>EffekseerRenderer</Filter>
    </ClInclude>
    <ClInclude Include="C:\Users\K020G1414\effekseerNew\Effekseer\Dev\Cpp\EffekseerRendererDX9\EffekseerRenderer\EffekseerRendererDX9.MaterialLoader.h">
      <Filter>EffekseerRenderer</Filter>
    </ClInclude>
    <ClInclude Include="C:\Users\K020G1414\effekseerNew\Effekseer\Dev\Cpp\EffekseerRendererDX9\EffekseerRenderer\EffekseerRendererDX9.ModelRenderer.h">
      <Filter>EffekseerRenderer</Filter>
    </ClInclude>
    <ClInclude Include="C:\Users\K020G1414\effekseerNew\Effekseer\Dev\Cpp\EffekseerRendererDX9\EffekseerRenderer\EffekseerRendererDX9.RenderState.h">
      <Filter>EffekseerRenderer</Filter>
    </ClInclude>
    <ClInclude Include="C:\Users\K020G1414\effekseerNew\Effekseer\Dev\Cpp\EffekseerRendererDX9\EffekseerRenderer\EffekseerRendererDX9.Renderer.h">
      <Filter>EffekseerRenderer</Filter>
    </ClInclude>
    <ClInclude Include="C:\Users\K020G1414\effekseerNew\Effekseer\Dev\Cpp\EffekseerRendererDX9\EffekseerRenderer\EffekseerRendererDX9.RendererImplemented.h">
      <Filter>EffekseerRenderer</Filter>
    </ClInclude>
    <ClInclude Include="C:\Users\K020G1414\effekseerNew\Effekseer\Dev\Cpp\EffekseerRendererDX9\EffekseerRenderer\EffekseerRendererDX9.Shader.h">
      <Filter>EffekseerRenderer</Filter>
    </ClInclude>
    <ClInclude Include="C:\Users\K020G1414\effekseerNew\Effekseer\Dev\Cpp\EffekseerRendererDX9\EffekseerRenderer\EffekseerRendererDX9.VertexBuffer.h">
      <Filter>EffekseerRenderer</Filter>
    </ClInclude>
    <ClInclude Include="C:\Users\K020G1414\effekseerNew\Effekseer\Dev\Cpp\EffekseerRendererDX9\EffekseerRenderer\GraphicsDevice.h">
      <Filter>EffekseerRenderer</Filter>
    </ClInclude>
    <ClInclude Include="C:\Users\K020G1414\effekseerNew\Effekseer\Dev\Cpp\EffekseerRendererDX9\EffekseerRenderer\ShaderHeader\ad_model_distortion_ps.h">
      <Filter>EffekseerRenderer\ShaderHeader</Filter>
    </ClInclude>
    <ClInclude Include="C:\Users\K020G1414\effekseerNew\Effekseer\Dev\Cpp\EffekseerRendererDX9\EffekseerRenderer\ShaderHeader\ad_model_distortion_vs.h">
      <Filter>EffekseerRenderer\ShaderHeader</Filter>
    </ClInclude>
    <ClInclude Include="C:\Users\K020G1414\effekseerNew\Effekseer\Dev\Cpp\EffekseerRendererDX9\EffekseerRenderer\ShaderHeader\ad_model_lit_ps.h">
      <Filter>EffekseerRenderer\ShaderHeader</Filter>
    </ClInclude>
    <ClInclude Include="C:\Users\K020G1414\effekseerNew\Effekseer\Dev\Cpp\EffekseerRendererDX9\EffekseerRenderer\ShaderHeader\ad_model_lit_vs.h">
      <Filter>EffekseerRenderer\ShaderHeader</Filter>
    </ClInclude>
    <ClInclude Include="C:\Users\K020G1414\effekseerNew\Effekseer\Dev\Cpp\EffekseerRendererDX9\EffekseerRenderer\ShaderHeader\ad_model_unlit_ps.h">
      <Filter>EffekseerRenderer\ShaderHeader</Filter>
    </ClInclude>
    <ClInclude Include="C:\Users\K020G1414\effekseerNew\Effekseer\Dev\Cpp\EffekseerRendererDX9\EffekseerRenderer\ShaderHeader\ad_model_unlit_vs.h">
      <Filter>EffekseerRenderer\ShaderHeader</Filter>
    </ClInclude>
    <ClInclude Include="C:\Users\K020G1414\effekseerNew\Effekseer\Dev\Cpp\EffekseerRendererDX9\EffekseerRenderer\ShaderHeader\ad_sprite_distortion_vs.h">
      <Filter>EffekseerRenderer\ShaderHeader</Filter>
    </ClInclude>
    <ClInclude Include="C:\Users\K020G1414\effekseerNew\Effekseer\Dev\Cpp\EffekseerRendererDX9\EffekseerRenderer\ShaderHeader\ad_sprite_lit_vs.h">
      <Filter>EffekseerRenderer\ShaderHeader</Filter>
    </ClInclude>
    <ClInclude Include="C:\Users\K020G1414\effekseerNew\Effekseer\Dev\Cpp\EffekseerRendererDX9\EffekseerRenderer\ShaderHeader\ad_sprite_unlit_vs.h">
      <Filter>EffekseerRenderer\ShaderHeader</Filter>
    </ClInclude>
    <ClInclude Include="C:\Users\K020G1414\effekseerNew\Effekseer\Dev\Cpp\EffekseerRendererDX9\EffekseerRenderer\ShaderHeader\model_distortion_ps.h">
      <Filter>EffekseerRenderer\ShaderHeader</Filter>
    </ClInclude>
    <ClInclude Include="C:\Users\K020G1414\effekseerNew\Effekseer\Dev\Cpp\EffekseerRendererDX9\EffekseerRenderer\ShaderHeader\model_distortion_vs.h">
      <Filter>EffekseerRenderer\ShaderHeader</Filter>
    </ClInclude>
    <ClInclude Include="C:\Users\K020G1414\effekseerNew\Effekseer\Dev\Cpp\EffekseerRendererDX9\EffekseerRenderer\ShaderHeader\model_lit_ps.h">
      <Filter>EffekseerRenderer\ShaderHeader</Filter>
    </ClInclude>
    <ClInclude Include="C:\Users\K020G1414\effekseerNew\Effekseer\Dev\Cpp\EffekseerRendererDX9\EffekseerRenderer\ShaderHeader\model_lit_vs.h">
      <Filter>EffekseerRenderer\ShaderHeader</Filter>
    </ClInclude>
    <ClInclude Include="C:\Users\K020G1414\effekseerNew\Effekseer\Dev\Cpp\EffekseerRendererDX9\EffekseerRenderer\ShaderHeader\model_unlit_ps.h">
      <Filter>EffekseerRenderer\ShaderHeader</Filter>
    </ClInclude>
    <ClInclude Include="C:\Users\K020G1414\effekseerNew\Effekseer\Dev\Cpp\EffekseerRendererDX9\EffekseerRenderer\ShaderHeader\model_unlit_vs.h">
      <Filter>EffekseerRenderer\ShaderHeader</Filter>
    </ClInclude>
    <ClInclude Include="C:\Users\K020G1414\effekseerNew\Effekseer\Dev\Cpp\EffekseerRendererDX9\EffekseerRenderer\ShaderHeader\sprite_distortion_vs.h">
      <Filter>EffekseerRenderer\ShaderHeader</Filter>
    </ClInclude>
    <ClInclude Include="C:\Users\K020G1414\effekseerNew\Effekseer\Dev\Cpp\EffekseerRendererDX9\EffekseerRenderer\ShaderHeader\sprite_lit_vs.h">
      <Filter>EffekseerRenderer\ShaderHeader</Filter>
    </ClInclude>
    <ClInclude Include="C:\Users\K020G1414\effekseerNew\Effekseer\Dev\Cpp\EffekseerRendererDX9\EffekseerRenderer\ShaderHeader\sprite_unlit_vs.h">
      <Filter>EffekseerRenderer\ShaderHeader</Filter>
    </ClInclude>
    <ClInclude Include="C:\Users\K020G1414\effekseerNew\Effekseer\Dev\Cpp\EffekseerRendererDX9\EffekseerRendererDX9.h" />
    <ClInclude Include="C:\Users\K020G1414\effekseerNew\Effekseer\Dev\Cpp\EffekseerMaterialCompiler\DirectX9\EffekseerMaterialCompilerDX9.h">
      <Filter>..\EffekseerMaterialCompiler\DirectX9</Filter>
    </ClInclude>
  </ItemGroup>
  <ItemGroup>
    <CustomBuild Include="C:\Users\K020G1414\effekseerNew\Effekseer\Dev\Cpp\EffekseerRendererDX9\CMakeLists.txt" />
  </ItemGroup>
  <ItemGroup>
    <Filter Include="..">
      <UniqueIdentifier>{8327BA54-1EF9-390B-9ED9-B39F87C2D14F}</UniqueIdentifier>
    </Filter>
    <Filter Include="..\EffekseerMaterialCompiler">
      <UniqueIdentifier>{0F7DF993-0371-3251-B5CF-851038DE12B1}</UniqueIdentifier>
    </Filter>
    <Filter Include="..\EffekseerMaterialCompiler\DirectX9">
      <UniqueIdentifier>{6C4D2B2A-5A46-3524-B815-E898AD609D6E}</UniqueIdentifier>
    </Filter>
    <Filter Include="EffekseerRenderer">
      <UniqueIdentifier>{194E117F-36D0-3D76-90B3-D9E435227B20}</UniqueIdentifier>
    </Filter>
    <Filter Include="EffekseerRendererCommon">
      <UniqueIdentifier>{B25420D3-818D-31E7-878A-069DE0111597}</UniqueIdentifier>
    </Filter>
    <Filter Include="EffekseerRenderer\ShaderHeader">
      <UniqueIdentifier>{9B402D89-9484-3D26-9B78-CCD00735D94C}</UniqueIdentifier>
    </Filter>
  </ItemGroup>
</Project>
