
Microsoft Visual Studio Solution File, Format Version 12.00
# Visual Studio Version 16
Project("{2150E333-8FDC-42A3-9474-1A3956D46DE8}") = "CMakePredefinedTargets", "CMakePredefinedTargets", "{86664C4E-94C1-33FB-9B88-4B395CD366B6}"
EndProject
Project("{2150E333-8FDC-42A3-9474-1A3956D46DE8}") = "Examples", "Examples", "{9B77C8E8-A16B-31BD-9CD2-9C91208CE85E}"
EndProject
Project("{2150E333-8FDC-42A3-9474-1A3956D46DE8}") = "ExternalProjectTargets", "ExternalProjectTargets", "{F3A9A5E3-B40F-312E-87AD-B4BA4E738D69}"
EndProject
Project("{2150E333-8FDC-42A3-9474-1A3956D46DE8}") = "ExternalProject_glfw", "ExternalProjectTargets\ExternalProject_glfw", "{48A603AC-067A-3289-A572-5EAD239D8AD5}"
EndProject
Project("{8BC9CEB8-8B4A-11D0-8D11-00A0C91BC942}") = "ALL_BUILD", "ALL_BUILD.vcxproj", "{CAFE4726-3F9C-3CAA-AA30-5AFBE6D763F5}"
	ProjectSection(ProjectDependencies) = postProject
		{7B68B592-88FD-3465-8A10-F384CD735FD0} = {7B68B592-88FD-3465-8A10-F384CD735FD0}
		{FFE61C0C-5D9D-3032-910D-8917D196B4D2} = {FFE61C0C-5D9D-3032-910D-8917D196B4D2}
	EndProjectSection
EndProject
Project("{8BC9CEB8-8B4A-11D0-8D11-00A0C91BC942}") = "Effekseer", "..\..\Dev\Cpp\Effekseer\Effekseer.vcxproj", "{79D9F2DD-A543-3D80-A588-3C73185D2B20}"
	ProjectSection(ProjectDependencies) = postProject
		{FFE61C0C-5D9D-3032-910D-8917D196B4D2} = {FFE61C0C-5D9D-3032-910D-8917D196B4D2}
	EndProjectSection
EndProject
Project("{8BC9CEB8-8B4A-11D0-8D11-00A0C91BC942}") = "EffekseerRendererDX9", "..\..\Dev\Cpp\EffekseerRendererDX9\EffekseerRendererDX9.vcxproj", "{648B4A7F-4966-3F2A-86C1-9DCE2A3E0302}"
	ProjectSection(ProjectDependencies) = postProject
		{79D9F2DD-A543-3D80-A588-3C73185D2B20} = {79D9F2DD-A543-3D80-A588-3C73185D2B20}
		{FFE61C0C-5D9D-3032-910D-8917D196B4D2} = {FFE61C0C-5D9D-3032-910D-8917D196B4D2}
	EndProjectSection
EndProject
Project("{8BC9CEB8-8B4A-11D0-8D11-00A0C91BC942}") = "EffekseerRendererGL", "..\..\Dev\Cpp\EffekseerRendererGL\EffekseerRendererGL.vcxproj", "{5F97B155-CCAB-33AC-91C8-B726408DE9C4}"
	ProjectSection(ProjectDependencies) = postProject
		{79D9F2DD-A543-3D80-A588-3C73185D2B20} = {79D9F2DD-A543-3D80-A588-3C73185D2B20}
		{822F9D26-9201-392A-858C-82A651E0BC1D} = {822F9D26-9201-392A-858C-82A651E0BC1D}
		{FFE61C0C-5D9D-3032-910D-8917D196B4D2} = {FFE61C0C-5D9D-3032-910D-8917D196B4D2}
	EndProjectSection
EndProject
Project("{8BC9CEB8-8B4A-11D0-8D11-00A0C91BC942}") = "EffekseerSoundXAudio2", "..\..\Dev\Cpp\EffekseerSoundXAudio2\EffekseerSoundXAudio2.vcxproj", "{F8AEA183-EEBF-3A1E-BC23-CE84BE7BAD24}"
	ProjectSection(ProjectDependencies) = postProject
		{FFE61C0C-5D9D-3032-910D-8917D196B4D2} = {FFE61C0C-5D9D-3032-910D-8917D196B4D2}
	EndProjectSection
EndProject
Project("{8BC9CEB8-8B4A-11D0-8D11-00A0C91BC942}") = "Example_NetworkClient", "Example_NetworkClient.vcxproj", "{7B68B592-88FD-3465-8A10-F384CD735FD0}"
	ProjectSection(ProjectDependencies) = postProject
		{79D9F2DD-A543-3D80-A588-3C73185D2B20} = {79D9F2DD-A543-3D80-A588-3C73185D2B20}
		{648B4A7F-4966-3F2A-86C1-9DCE2A3E0302} = {648B4A7F-4966-3F2A-86C1-9DCE2A3E0302}
		{5F97B155-CCAB-33AC-91C8-B726408DE9C4} = {5F97B155-CCAB-33AC-91C8-B726408DE9C4}
		{F8AEA183-EEBF-3A1E-BC23-CE84BE7BAD24} = {F8AEA183-EEBF-3A1E-BC23-CE84BE7BAD24}
		{FFE61C0C-5D9D-3032-910D-8917D196B4D2} = {FFE61C0C-5D9D-3032-910D-8917D196B4D2}
	EndProjectSection
EndProject
Project("{8BC9CEB8-8B4A-11D0-8D11-00A0C91BC942}") = "ExternalProject_glfw", "..\..\\ExternalProject_glfw.vcxproj", "{822F9D26-9201-392A-858C-82A651E0BC1D}"
	ProjectSection(ProjectDependencies) = postProject
		{FFE61C0C-5D9D-3032-910D-8917D196B4D2} = {FFE61C0C-5D9D-3032-910D-8917D196B4D2}
	EndProjectSection
EndProject
Project("{8BC9CEB8-8B4A-11D0-8D11-00A0C91BC942}") = "INSTALL", "INSTALL.vcxproj", "{06AB1005-41C7-30B9-B192-F339F3B9EA7F}"
	ProjectSection(ProjectDependencies) = postProject
		{CAFE4726-3F9C-3CAA-AA30-5AFBE6D763F5} = {CAFE4726-3F9C-3CAA-AA30-5AFBE6D763F5}
		{FFE61C0C-5D9D-3032-910D-8917D196B4D2} = {FFE61C0C-5D9D-3032-910D-8917D196B4D2}
	EndProjectSection
EndProject
Project("{8BC9CEB8-8B4A-11D0-8D11-00A0C91BC942}") = "ZERO_CHECK", "..\..\\ZERO_CHECK.vcxproj", "{FFE61C0C-5D9D-3032-910D-8917D196B4D2}"
	ProjectSection(ProjectDependencies) = postProject
	EndProjectSection
EndProject
Global
	GlobalSection(SolutionConfigurationPlatforms) = preSolution
		Debug|x64 = Debug|x64
		Release|x64 = Release|x64
		MinSizeRel|x64 = MinSizeRel|x64
		RelWithDebInfo|x64 = RelWithDebInfo|x64
	EndGlobalSection
	GlobalSection(ProjectConfigurationPlatforms) = postSolution
		{CAFE4726-3F9C-3CAA-AA30-5AFBE6D763F5}.Debug|x64.ActiveCfg = Debug|x64
		{CAFE4726-3F9C-3CAA-AA30-5AFBE6D763F5}.Debug|x64.Build.0 = Debug|x64
		{CAFE4726-3F9C-3CAA-AA30-5AFBE6D763F5}.Release|x64.ActiveCfg = Release|x64
		{CAFE4726-3F9C-3CAA-AA30-5AFBE6D763F5}.Release|x64.Build.0 = Release|x64
		{CAFE4726-3F9C-3CAA-AA30-5AFBE6D763F5}.MinSizeRel|x64.ActiveCfg = MinSizeRel|x64
		{CAFE4726-3F9C-3CAA-AA30-5AFBE6D763F5}.MinSizeRel|x64.Build.0 = MinSizeRel|x64
		{CAFE4726-3F9C-3CAA-AA30-5AFBE6D763F5}.RelWithDebInfo|x64.ActiveCfg = RelWithDebInfo|x64
		{CAFE4726-3F9C-3CAA-AA30-5AFBE6D763F5}.RelWithDebInfo|x64.Build.0 = RelWithDebInfo|x64
		{79D9F2DD-A543-3D80-A588-3C73185D2B20}.Debug|x64.ActiveCfg = Debug|x64
		{79D9F2DD-A543-3D80-A588-3C73185D2B20}.Debug|x64.Build.0 = Debug|x64
		{79D9F2DD-A543-3D80-A588-3C73185D2B20}.Release|x64.ActiveCfg = Release|x64
		{79D9F2DD-A543-3D80-A588-3C73185D2B20}.Release|x64.Build.0 = Release|x64
		{79D9F2DD-A543-3D80-A588-3C73185D2B20}.MinSizeRel|x64.ActiveCfg = MinSizeRel|x64
		{79D9F2DD-A543-3D80-A588-3C73185D2B20}.MinSizeRel|x64.Build.0 = MinSizeRel|x64
		{79D9F2DD-A543-3D80-A588-3C73185D2B20}.RelWithDebInfo|x64.ActiveCfg = RelWithDebInfo|x64
		{79D9F2DD-A543-3D80-A588-3C73185D2B20}.RelWithDebInfo|x64.Build.0 = RelWithDebInfo|x64
		{648B4A7F-4966-3F2A-86C1-9DCE2A3E0302}.Debug|x64.ActiveCfg = Debug|x64
		{648B4A7F-4966-3F2A-86C1-9DCE2A3E0302}.Debug|x64.Build.0 = Debug|x64
		{648B4A7F-4966-3F2A-86C1-9DCE2A3E0302}.Release|x64.ActiveCfg = Release|x64
		{648B4A7F-4966-3F2A-86C1-9DCE2A3E0302}.Release|x64.Build.0 = Release|x64
		{648B4A7F-4966-3F2A-86C1-9DCE2A3E0302}.MinSizeRel|x64.ActiveCfg = MinSizeRel|x64
		{648B4A7F-4966-3F2A-86C1-9DCE2A3E0302}.MinSizeRel|x64.Build.0 = MinSizeRel|x64
		{648B4A7F-4966-3F2A-86C1-9DCE2A3E0302}.RelWithDebInfo|x64.ActiveCfg = RelWithDebInfo|x64
		{648B4A7F-4966-3F2A-86C1-9DCE2A3E0302}.RelWithDebInfo|x64.Build.0 = RelWithDebInfo|x64
		{5F97B155-CCAB-33AC-91C8-B726408DE9C4}.Debug|x64.ActiveCfg = Debug|x64
		{5F97B155-CCAB-33AC-91C8-B726408DE9C4}.Debug|x64.Build.0 = Debug|x64
		{5F97B155-CCAB-33AC-91C8-B726408DE9C4}.Release|x64.ActiveCfg = Release|x64
		{5F97B155-CCAB-33AC-91C8-B726408DE9C4}.Release|x64.Build.0 = Release|x64
		{5F97B155-CCAB-33AC-91C8-B726408DE9C4}.MinSizeRel|x64.ActiveCfg = MinSizeRel|x64
		{5F97B155-CCAB-33AC-91C8-B726408DE9C4}.MinSizeRel|x64.Build.0 = MinSizeRel|x64
		{5F97B155-CCAB-33AC-91C8-B726408DE9C4}.RelWithDebInfo|x64.ActiveCfg = RelWithDebInfo|x64
		{5F97B155-CCAB-33AC-91C8-B726408DE9C4}.RelWithDebInfo|x64.Build.0 = RelWithDebInfo|x64
		{F8AEA183-EEBF-3A1E-BC23-CE84BE7BAD24}.Debug|x64.ActiveCfg = Debug|x64
		{F8AEA183-EEBF-3A1E-BC23-CE84BE7BAD24}.Debug|x64.Build.0 = Debug|x64
		{F8AEA183-EEBF-3A1E-BC23-CE84BE7BAD24}.Release|x64.ActiveCfg = Release|x64
		{F8AEA183-EEBF-3A1E-BC23-CE84BE7BAD24}.Release|x64.Build.0 = Release|x64
		{F8AEA183-EEBF-3A1E-BC23-CE84BE7BAD24}.MinSizeRel|x64.ActiveCfg = MinSizeRel|x64
		{F8AEA183-EEBF-3A1E-BC23-CE84BE7BAD24}.MinSizeRel|x64.Build.0 = MinSizeRel|x64
		{F8AEA183-EEBF-3A1E-BC23-CE84BE7BAD24}.RelWithDebInfo|x64.ActiveCfg = RelWithDebInfo|x64
		{F8AEA183-EEBF-3A1E-BC23-CE84BE7BAD24}.RelWithDebInfo|x64.Build.0 = RelWithDebInfo|x64
		{7B68B592-88FD-3465-8A10-F384CD735FD0}.Debug|x64.ActiveCfg = Debug|x64
		{7B68B592-88FD-3465-8A10-F384CD735FD0}.Debug|x64.Build.0 = Debug|x64
		{7B68B592-88FD-3465-8A10-F384CD735FD0}.Release|x64.ActiveCfg = Release|x64
		{7B68B592-88FD-3465-8A10-F384CD735FD0}.Release|x64.Build.0 = Release|x64
		{7B68B592-88FD-3465-8A10-F384CD735FD0}.MinSizeRel|x64.ActiveCfg = MinSizeRel|x64
		{7B68B592-88FD-3465-8A10-F384CD735FD0}.MinSizeRel|x64.Build.0 = MinSizeRel|x64
		{7B68B592-88FD-3465-8A10-F384CD735FD0}.RelWithDebInfo|x64.ActiveCfg = RelWithDebInfo|x64
		{7B68B592-88FD-3465-8A10-F384CD735FD0}.RelWithDebInfo|x64.Build.0 = RelWithDebInfo|x64
		{822F9D26-9201-392A-858C-82A651E0BC1D}.Debug|x64.ActiveCfg = Debug|x64
		{822F9D26-9201-392A-858C-82A651E0BC1D}.Debug|x64.Build.0 = Debug|x64
		{822F9D26-9201-392A-858C-82A651E0BC1D}.Release|x64.ActiveCfg = Release|x64
		{822F9D26-9201-392A-858C-82A651E0BC1D}.Release|x64.Build.0 = Release|x64
		{822F9D26-9201-392A-858C-82A651E0BC1D}.MinSizeRel|x64.ActiveCfg = MinSizeRel|x64
		{822F9D26-9201-392A-858C-82A651E0BC1D}.MinSizeRel|x64.Build.0 = MinSizeRel|x64
		{822F9D26-9201-392A-858C-82A651E0BC1D}.RelWithDebInfo|x64.ActiveCfg = RelWithDebInfo|x64
		{822F9D26-9201-392A-858C-82A651E0BC1D}.RelWithDebInfo|x64.Build.0 = RelWithDebInfo|x64
		{06AB1005-41C7-30B9-B192-F339F3B9EA7F}.Debug|x64.ActiveCfg = Debug|x64
		{06AB1005-41C7-30B9-B192-F339F3B9EA7F}.Release|x64.ActiveCfg = Release|x64
		{06AB1005-41C7-30B9-B192-F339F3B9EA7F}.MinSizeRel|x64.ActiveCfg = MinSizeRel|x64
		{06AB1005-41C7-30B9-B192-F339F3B9EA7F}.RelWithDebInfo|x64.ActiveCfg = RelWithDebInfo|x64
		{FFE61C0C-5D9D-3032-910D-8917D196B4D2}.Debug|x64.ActiveCfg = Debug|x64
		{FFE61C0C-5D9D-3032-910D-8917D196B4D2}.Debug|x64.Build.0 = Debug|x64
		{FFE61C0C-5D9D-3032-910D-8917D196B4D2}.Release|x64.ActiveCfg = Release|x64
		{FFE61C0C-5D9D-3032-910D-8917D196B4D2}.Release|x64.Build.0 = Release|x64
		{FFE61C0C-5D9D-3032-910D-8917D196B4D2}.MinSizeRel|x64.ActiveCfg = MinSizeRel|x64
		{FFE61C0C-5D9D-3032-910D-8917D196B4D2}.MinSizeRel|x64.Build.0 = MinSizeRel|x64
		{FFE61C0C-5D9D-3032-910D-8917D196B4D2}.RelWithDebInfo|x64.ActiveCfg = RelWithDebInfo|x64
		{FFE61C0C-5D9D-3032-910D-8917D196B4D2}.RelWithDebInfo|x64.Build.0 = RelWithDebInfo|x64
	EndGlobalSection
	GlobalSection(NestedProjects) = preSolution
		{CAFE4726-3F9C-3CAA-AA30-5AFBE6D763F5} = {86664C4E-94C1-33FB-9B88-4B395CD366B6}
		{06AB1005-41C7-30B9-B192-F339F3B9EA7F} = {86664C4E-94C1-33FB-9B88-4B395CD366B6}
		{FFE61C0C-5D9D-3032-910D-8917D196B4D2} = {86664C4E-94C1-33FB-9B88-4B395CD366B6}
		{7B68B592-88FD-3465-8A10-F384CD735FD0} = {9B77C8E8-A16B-31BD-9CD2-9C91208CE85E}
		{48A603AC-067A-3289-A572-5EAD239D8AD5} = {F3A9A5E3-B40F-312E-87AD-B4BA4E738D69}
		{822F9D26-9201-392A-858C-82A651E0BC1D} = {48A603AC-067A-3289-A572-5EAD239D8AD5}
	EndGlobalSection
	GlobalSection(ExtensibilityGlobals) = postSolution
		SolutionGuid = {B845B165-085F-32E7-8377-C7A21B8B9F6D}
	EndGlobalSection
	GlobalSection(ExtensibilityAddIns) = postSolution
	EndGlobalSection
EndGlobal
